// !$*UTF8*$!
{
	archiveVersion = 1;
	classes = {
	};
	objectVersion = 46;
	objects = {

/* Begin PBXBuildFile section */
		6BDEC5131BD9EB9000844F4A /* main.c in Sources */ = {isa = PBXBuildFile; fileRef = 6BDEC5121BD9EB9000844F4A /* main.c */; };
/* End PBXBuildFile section */

/* Begin PBXCopyFilesBuildPhase section */
		6BDEC50D1BD9EB9000844F4A /* CopyFiles */ = {
			isa = PBXCopyFilesBuildPhase;
			buildActionMask = 2147483647;
			dstPath = /usr/share/man/man1/;
			dstSubfolderSpec = 0;
			files = (
			);
			runOnlyForDeploymentPostprocessing = 1;
		};
/* End PBXCopyFilesBuildPhase section */

/* Begin PBXFileReference section */
		6BDEC50F1BD9EB9000844F4A /* gradeInTheShade */ = {isa = PBXFileReference; explicitFileType = "compiled.mach-o.executable"; includeInIndex = 0; path = gradeInTheShade; sourceTree = BUILT_PRODUCTS_DIR; };
		6BDEC5121BD9EB9000844F4A /* main.c */ = {isa = PBXFileReference; lastKnownFileType = sourcecode.c.c; path = main.c; sourceTree = "<group>"; };
/* End PBXFileReference section */

/* Begin PBXFrameworksBuildPhase section */
		6BDEC50C1BD9EB9000844F4A /* Frameworks */ = {
			isa = PBXFrameworksBuildPhase;
			buildActionMask = 2147483647;
			files = (
			);
			runOnlyForDeploymentPostprocessing = 0;
		};
/* End PBXFrameworksBuildPhase section */

/* Begin PBXGroup section */
		6BDEC5061BD9EB9000844F4A = {
			isa = PBXGroup;
			children = (
				6BDEC5111BD9EB9000844F4A /* gradeInTheShade */,
				6BDEC5101BD9EB9000844F4A /* Products */,
			);
			sourceTree = "<group>";
		};
		6BDEC5101BD9EB9000844F4A /* Products */ = {
			isa = PBXGroup;
			children = (
				6BDEC50F1BD9EB9000844F4A /* gradeInTheShade */,
			);
			name = Products;
			sourceTree = "<group>";
		};
		6BDEC5111BD9EB9000844F4A /* gradeInTheShade */ = {
			isa = PBXGroup;
			children = (
				6BDEC5121BD9EB9000844F4A /* main.c */,
			);
			path = gradeInTheShade;
			sourceTree = "<group>";
		};
/* End PBXGroup section */

/* Begin PBXNativeTarget section */
		6BDEC50E1BD9EB9000844F4A /* gradeInTheShade */ = {
			isa = PBXNativeTarget;
			buildConfigurationList = 6BDEC5161BD9EB9000844F4A /* Build configuration list for PBXNativeTarget "gradeInTheShade" */;
			buildPhases = (
				6BDEC50B1BD9EB9000844F4A /* Sources */,
				6BDEC50C1BD9EB9000844F4A /* Frameworks */,
				6BDEC50D1BD9EB9000844F4A /* CopyFiles */,
			);
			buildRules = (
			);
			dependencies = (
			);
			name = gradeInTheShade;
			productName = gradeInTheShade;
			productReference = 6BDEC50F1BD9EB9000844F4A /* gradeInTheShade */;
			productType = "com.apple.product-type.tool";
		};
/* End PBXNativeTarget section */

/* Begin PBXProject section */
		6BDEC5071BD9EB9000844F4A /* Project object */ = {
			isa = PBXProject;
			attributes = {
				LastUpgradeCheck = 0710;
				ORGANIZATIONNAME = kl;
				TargetAttributes = {
					6BDEC50E1BD9EB9000844F4A = {
						CreatedOnToolsVersion = 7.1;
					};
				};
			};
			buildConfigurationList = 6BDEC50A1BD9EB9000844F4A /* Build configuration list for PBXProject "gradeInTheShade" */;
			compatibilityVersion = "Xcode 3.2";
			developmentRegion = English;
			hasScannedForEncodings = 0;
			knownRegions = (
				en,
			);
			mainGroup = 6BDEC5061BD9EB9000844F4A;
			productRefGroup = 6BDEC5101BD9EB9000844F4A /* Products */;
			projectDirPath = "";
			projectRoot = "";
			targets = (
				6BDEC50E1BD9EB9000844F4A /* gradeInTheShade */,
			);
		};
/* End PBXProject section */

/* Begin PBXSourcesBuildPhase section */
		6BDEC50B1BD9EB9000844F4A /* Sources */ = {
			isa = PBXSourcesBuildPhase;
			buildActionMask = 2147483647;
			files = (
				6BDEC5131BD9EB9000844F4A /* main.c in Sources */,
			);
			runOnlyForDeploymentPostprocessing = 0;
		};
/* End PBXSourcesBuildPhase section */

/* Begin XCBuildConfiguration section */
		6BDEC5141BD9EB9000844F4A /* Debug */ = {
			isa = XCBuildConfiguration;
			buildSettings = {
				ALWAYS_SEARCH_USER_PATHS = NO;
				CLANG_CXX_LANGUAGE_STANDARD = "gnu++0x";
				CLANG_CXX_LIBRARY = "libc++";
				CLANG_ENABLE_MODULES = YES;
				CLANG_ENABLE_OBJC_ARC = YES;
				CLANG_WARN_BOOL_CONVERSION = YES;
				CLANG_WARN_CONSTANT_CONVERSION = YES;
				CLANG_WARN_DIRECT_OBJC_ISA_USAGE = YES_ERROR;
				CLANG_WARN_EMPTY_BODY = YES;
				CLANG_WARN_ENUM_CONVERSION = YES;
				CLANG_WARN_INT_CONVERSION = YES;
				CLANG_WARN_OBJC_ROOT_CLASS = YES_ERROR;
				CLANG_WARN_UNREACHABLE_CODE = YES;
				CLANG_WARN__DUPLICATE_METHOD_MATCH = YES;
				CODE_SIGN_IDENTITY = "-";
				COPY_PHASE_STRIP = NO;
				DEBUG_INFORMATION_FORMAT = dwarf;
				ENABLE_STRICT_OBJC_MSGSEND = YES;
				ENABLE_TESTABILITY = YES;
				GCC_C_LANGUAGE_STANDARD = gnu99;
				GCC_DYNAMIC_NO_PIC = NO;
				GCC_NO_COMMON_BLOCKS = YES;
				GCC_OPTIMIZATION_LEVEL = 0;
				GCC_PREPROCESSOR_DEFINITIONS = (
					"DEBUG=1",
					"$(inherited)",
				);
				GCC_WARN_64_TO_32_BIT_CONVERSION = YES;
				GCC_WARN_ABOUT_RETURN_TYPE = YES_ERROR;
				GCC_WARN_UNDECLARED_SELECTOR = YES;
				GCC_WARN_UNINITIALIZED_AUTOS = YES_AGGRESSIVE;
				GCC_WARN_UNUSED_FUNCTION = YES;
				GCC_WARN_UNUSED_VARIABLE = YES;
				MACOSX_DEPLOYMENT_TARGET = 10.11;
				MTL_ENABLE_DEBUG_INFO = YES;
				ONLY_ACTIVE_ARCH = YES;
				SDKROOT = macosx;
			};
			name = Debug;
		};
		6BDEC5151BD9EB9000844F4A /* Release */ = {
			isa = XCBuildConfiguration;
			buildSettings = {
				ALWAYS_SEARCH_USER_PATHS = NO;
				CLANG_CXX_LANGUAGE_STANDARD = "gnu++0x";
				CLANG_CXX_LIBRARY = "libc++";
				CLANG_ENABLE_MODULES = YES;
				CLANG_ENABLE_OBJC_ARC = YES;
				CLANG_WARN_BOOL_CONVERSION = YES;
				CLANG_WARN_CONSTANT_CONVERSION = YES;
				CLANG_WARN_DIRECT_OBJC_ISA_USAGE = YES_ERROR;
				CLANG_WARN_EMPTY_BODY = YES;
				CLANG_WARN_ENUM_CONVERSION = YES;
				CLANG_WARN_INT_CONVERSION = YES;
				CLANG_WARN_OBJC_ROOT_CLASS = YES_ERROR;
				CLANG_WARN_UNREACHABLE_CODE = YES;
				CLANG_WARN__DUPLICATE_METHOD_MATCH = YES;
				CODE_SIGN_IDENTITY = "-";
				COPY_PHASE_STRIP = NO;
				DEBUG_INFORMATION_FORMAT = "dwarf-with-dsym";
				ENABLE_NS_ASSERTIONS = NO;
				ENABLE_STRICT_OBJC_MSGSEND = YES;
				GCC_C_LANGUAGE_STANDARD = gnu99;
				GCC_NO_COMMON_BLOCKS = YES;
				GCC_WARN_64_TO_32_BIT_CONVERSION = YES;
				GCC_WARN_ABOUT_RETURN_TYPE = YES_ERROR;
				GCC_WARN_UNDECLARED_SELECTOR = YES;
				GCC_WARN_UNINITIALIZED_AUTOS = YES_AGGRESSIVE;
				GCC_WARN_UNUSED_FUNCTION = YES;
				GCC_WARN_UNUSED_VARIABLE = YES;
				MACOSX_DEPLOYMENT_TARGET = 10.11;
				MTL_ENABLE_DEBUG_INFO = NO;
				SDKROOT = macosx;
			};
			name = Release;
		};
		6BDEC5171BD9EB9000844F4A /* Debug */ = {
			isa = XCBuildConfiguration;
			buildSettings = {
				PRODUCT_NAME = "$(TARGET_NAME)";
			};
			name = Debug;
		};
		6BDEC5181BD9EB9000844F4A /* Release */ = {
			isa = XCBuildConfiguration;
			buildSettings = {
				PRODUCT_NAME = "$(TARGET_NAME)";
			};
			name = Release;
		};
/* End XCBuildConfiguration section */

/* Begin XCConfigurationList section */
		6BDEC50A1BD9EB9000844F4A /* Build configuration list for PBXProject "gradeInTheShade" */ = {
			isa = XCConfigurationList;
			buildConfigurations = (
				6BDEC5141BD9EB9000844F4A /* Debug */,
				6BDEC5151BD9EB9000844F4A /* Release */,
			);
			defaultConfigurationIsVisible = 0;
			defaultConfigurationName = Release;
		};
		6BDEC5161BD9EB9000844F4A /* Build configuration list for PBXNativeTarget "gradeInTheShade" */ = {
			isa = XCConfigurationList;
			buildConfigurations = (
				6BDEC5171BD9EB9000844F4A /* Debug */,
				6BDEC5181BD9EB9000844F4A /* Release */,
			);
			defaultConfigurationIsVisible = 0;
		};
/* End XCConfigurationList section */
	};
	rootObject = 6BDEC5071BD9EB9000844F4A /* Project object */;
}
